
Microsoft Visual Studio Solution File, Format Version 12.00
# Visual Studio 15
VisualStudioVersion = 15.0.27428.2037
MinimumVisualStudioVersion = 10.0.40219.1
Project("{002A2DE9-8BB6-484D-9802-7E4AD4084715}") = "Elembuf", "Elembuf.visualdproj", "{86FAE870-F017-4C74-97C6-83CB2E154ECF}"
EndProject
Global
	GlobalSection(SolutionConfigurationPlatforms) = preSolution
		Debug LDC|x64 = Debug LDC|x64
		Debug LDC|x86 = Debug LDC|x86
		Debug|x64 = Debug|x64
		Debug|x86 = Debug|x86
		Release LDC|x64 = Release LDC|x64
		Release LDC|x86 = Release LDC|x86
		Release|x64 = Release|x64
		Release|x86 = Release|x86
	EndGlobalSection
	GlobalSection(ProjectConfigurationPlatforms) = postSolution
		{86FAE870-F017-4C74-97C6-83CB2E154ECF}.Debug LDC|x64.ActiveCfg = Debug LDC|x64
		{86FAE870-F017-4C74-97C6-83CB2E154ECF}.Debug LDC|x64.Build.0 = Debug LDC|x64
		{86FAE870-F017-4C74-97C6-83CB2E154ECF}.Debug LDC|x86.ActiveCfg = Debug LDC|Win32
		{86FAE870-F017-4C74-97C6-83CB2E154ECF}.Debug LDC|x86.Build.0 = Debug LDC|Win32
		{86FAE870-F017-4C74-97C6-83CB2E154ECF}.Debug|x64.ActiveCfg = Debug|x64
		{86FAE870-F017-4C74-97C6-83CB2E154ECF}.Debug|x64.Build.0 = Debug|x64
		{86FAE870-F017-4C74-97C6-83CB2E154ECF}.Debug|x86.ActiveCfg = Debug|Win32
		{86FAE870-F017-4C74-97C6-83CB2E154ECF}.Debug|x86.Build.0 = Debug|Win32
		{86FAE870-F017-4C74-97C6-83CB2E154ECF}.Release LDC|x64.ActiveCfg = Release LDC|x64
		{86FAE870-F017-4C74-97C6-83CB2E154ECF}.Release LDC|x64.Build.0 = Release LDC|x64
		{86FAE870-F017-4C74-97C6-83CB2E154ECF}.Release LDC|x86.ActiveCfg = Release LDC|Win32
		{86FAE870-F017-4C74-97C6-83CB2E154ECF}.Release LDC|x86.Build.0 = Release LDC|Win32
		{86FAE870-F017-4C74-97C6-83CB2E154ECF}.Release|x64.ActiveCfg = Release|x64
		{86FAE870-F017-4C74-97C6-83CB2E154ECF}.Release|x64.Build.0 = Release|x64
		{86FAE870-F017-4C74-97C6-83CB2E154ECF}.Release|x86.ActiveCfg = Release|Win32
		{86FAE870-F017-4C74-97C6-83CB2E154ECF}.Release|x86.Build.0 = Release|Win32
	EndGlobalSection
	GlobalSection(SolutionProperties) = preSolution
		HideSolutionNode = FALSE
	EndGlobalSection
	GlobalSection(ExtensibilityGlobals) = postSolution
		SolutionGuid = {873AF6F3-A42A-48BB-9071-05E4D0E1B4D2}
	EndGlobalSection
EndGlobal
