
Microsoft Visual Studio Solution File, Format Version 12.00
# Visual Studio Version 16
VisualStudioVersion = 16.0.28803.352
MinimumVisualStudioVersion = 10.0.40219.1
Project("{002A2DE9-8BB6-484D-9802-7E4AD4084715}") = "src", "..\Elembuf\Elembuf.visualdproj", "{F7ED707D-DD1E-4AA5-8E3E-179D6A437A15}"
EndProject
Global
	GlobalSection(SolutionConfigurationPlatforms) = preSolution
		Debug LDC|x64 = Debug LDC|x64
		Debug LDC|x86 = Debug LDC|x86
		Debug|x64 = Debug|x64
		Debug|x86 = Debug|x86
		Release LDC|x64 = Release LDC|x64
		Release LDC|x86 = Release LDC|x86
		Release|x64 = Release|x64
		Release|x86 = Release|x86
	EndGlobalSection
	GlobalSection(ProjectConfigurationPlatforms) = postSolution
		{F7ED707D-DD1E-4AA5-8E3E-179D6A437A15}.Debug LDC|x64.ActiveCfg = Debug LDC|x64
		{F7ED707D-DD1E-4AA5-8E3E-179D6A437A15}.Debug LDC|x64.Build.0 = Debug LDC|x64
		{F7ED707D-DD1E-4AA5-8E3E-179D6A437A15}.Debug LDC|x86.ActiveCfg = Debug LDC|Win32
		{F7ED707D-DD1E-4AA5-8E3E-179D6A437A15}.Debug LDC|x86.Build.0 = Debug LDC|Win32
		{F7ED707D-DD1E-4AA5-8E3E-179D6A437A15}.Debug|x64.ActiveCfg = Debug|x64
		{F7ED707D-DD1E-4AA5-8E3E-179D6A437A15}.Debug|x64.Build.0 = Debug|x64
		{F7ED707D-DD1E-4AA5-8E3E-179D6A437A15}.Debug|x86.ActiveCfg = Debug|Win32
		{F7ED707D-DD1E-4AA5-8E3E-179D6A437A15}.Debug|x86.Build.0 = Debug|Win32
		{F7ED707D-DD1E-4AA5-8E3E-179D6A437A15}.Release LDC|x64.ActiveCfg = Release LDC|x64
		{F7ED707D-DD1E-4AA5-8E3E-179D6A437A15}.Release LDC|x64.Build.0 = Release LDC|x64
		{F7ED707D-DD1E-4AA5-8E3E-179D6A437A15}.Release LDC|x86.ActiveCfg = Release LDC|Win32
		{F7ED707D-DD1E-4AA5-8E3E-179D6A437A15}.Release LDC|x86.Build.0 = Release LDC|Win32
		{F7ED707D-DD1E-4AA5-8E3E-179D6A437A15}.Release|x64.ActiveCfg = Release|x64
		{F7ED707D-DD1E-4AA5-8E3E-179D6A437A15}.Release|x64.Build.0 = Release|x64
		{F7ED707D-DD1E-4AA5-8E3E-179D6A437A15}.Release|x86.ActiveCfg = Release|Win32
		{F7ED707D-DD1E-4AA5-8E3E-179D6A437A15}.Release|x86.Build.0 = Release|Win32
	EndGlobalSection
	GlobalSection(SolutionProperties) = preSolution
		HideSolutionNode = FALSE
	EndGlobalSection
	GlobalSection(ExtensibilityGlobals) = postSolution
		SolutionGuid = {873AF6F3-A42A-48BB-9071-05E4D0E1B4D2}
	EndGlobalSection
EndGlobal
